# THIS IS AN AUTOGENERATED FILE. DO NOT EDIT THIS FILE DIRECTLY.
# yarn lockfile v1


"@babel/helper-string-parser@^7.23.4":
  version "7.23.4"
  resolved "http://npm.cestc.cn/@babel/helper-string-parser/download/@babel/helper-string-parser-7.23.4.tgz#9478c707febcbbe1ddb38a3d91a2e054ae622d83"
  integrity sha1-lHjHB/68u+Hds4o9kaLgVK5iLYM=

"@babel/helper-validator-identifier@^7.22.20":
  version "7.22.20"
  resolved "http://npm.cestc.cn/@babel/helper-validator-identifier/download/@babel/helper-validator-identifier-7.22.20.tgz#c4ae002c61d2879e724581d96665583dbc1dc0e0"
  integrity sha1-xK4ALGHSh55yRYHZZmVYPbwdwOA=

"@babel/types@^7.23.9":
  version "7.23.9"
  resolved "http://npm.cestc.cn/@babel/types/download/@babel/types-7.23.9.tgz#1dd7b59a9a2b5c87f8b41e52770b5ecbf492e002"
  integrity sha1-Hde1mporXIf4tB5Sdwtey/SS4AI=
  dependencies:
    "@babel/helper-string-parser" "^7.23.4"
    "@babel/helper-validator-identifier" "^7.22.20"
    to-fast-properties "^2.0.0"

"@types/prop-types@*":
  version "15.7.11"
  resolved "http://npm.cestc.cn/@types/prop-types/download/@types/prop-types-15.7.11.tgz#2596fb352ee96a1379c657734d4b913a613ad563"
  integrity sha1-JZb7NS7pahN5xldzTUuROmE61WM=

"@types/react-dom@^18.2.18":
  version "18.2.18"
  resolved "http://npm.cestc.cn/@types/react-dom/download/@types/react-dom-18.2.18.tgz#16946e6cd43971256d874bc3d0a72074bb8571dd"
  integrity sha1-FpRubNQ5cSVth0vD0KcgdLuFcd0=
  dependencies:
    "@types/react" "*"

"@types/react-reconciler@^0.28.0", "@types/react-reconciler@^0.28.2":
  version "0.28.8"
  resolved "http://npm.cestc.cn/@types/react-reconciler/download/@types/react-reconciler-0.28.8.tgz#e51710572bcccf214306833c2438575d310b3e98"
  integrity sha1-5RcQVyvMzyFDBoM8JDhXXTELPpg=
  dependencies:
    "@types/react" "*"

"@types/react@*", "@types/react@^18.2.47":
  version "18.2.47"
  resolved "http://npm.cestc.cn/@types/react/download/@types/react-18.2.47.tgz#85074b27ab563df01fbc3f68dc64bf7050b0af40"
  integrity sha1-hQdLJ6tWPfAfvD9o3GS/cFCwr0A=
  dependencies:
    "@types/prop-types" "*"
    "@types/scheduler" "*"
    csstype "^3.0.2"

"@types/scheduler@*":
  version "0.16.8"
  resolved "http://npm.cestc.cn/@types/scheduler/download/@types/scheduler-0.16.8.tgz#ce5ace04cfeabe7ef87c0091e50752e36707deff"
  integrity sha1-zlrOBM/qvn74fACR5QdS42cH3v8=

csstype@^3.0.2:
  version "3.1.3"
  resolved "http://npm.cestc.cn/csstype/download/csstype-3.1.3.tgz#d80ff294d114fb0e6ac500fbf85b60137d7eff81"
  integrity sha1-2A/ylNEU+w5qxQD7+FtgE31+/4E=

graphql-tag@^2.12.6:
  version "2.12.6"
  resolved "http://npm.cestc.cn/graphql-tag/download/graphql-tag-2.12.6.tgz#d441a569c1d2537ef10ca3d1633b48725329b5f1"
  integrity sha1-1EGlacHSU37xDKPRYztIclMptfE=
  dependencies:
    tslib "^2.1.0"

its-fine@^1.1.1:
  version "1.1.1"
  resolved "http://npm.cestc.cn/its-fine/download/its-fine-1.1.1.tgz#e74b93fddd487441f978a50f64f0f5af4d2fc38e"
  integrity sha1-50uT/d1IdEH5eKUPZPD1r00vw44=
  dependencies:
    "@types/react-reconciler" "^0.28.0"

"js-tokens@^3.0.0 || ^4.0.0":
  version "4.0.0"
  resolved "http://npm.cestc.cn/js-tokens/download/js-tokens-4.0.0.tgz#19203fb59991df98e3a287050d4647cdeaf32499"
  integrity sha1-GSA/tZmR35jjoocFDUZHzerzJJk=

konva@^9.2.0:
  version "9.2.0"
  resolved "http://npm.cestc.cn/konva/download/konva-9.2.0.tgz#3739e539724b0e6b76d697a322efdaa01baa1508"
  integrity sha1-NznlOXJLDmt21pejIu/aoBuqFQg=

loose-envify@^1.1.0, loose-envify@^1.4.0:
  version "1.4.0"
  resolved "http://npm.cestc.cn/loose-envify/download/loose-envify-1.4.0.tgz#71ee51fa7be4caec1a63839f7e682d8132d30caf"
  integrity sha1-ce5R+nvkyuwaY4OffmgtgTLTDK8=
  dependencies:
    js-tokens "^3.0.0 || ^4.0.0"

monaco-editor@^0.45.0:
  version "0.45.0"
  resolved "http://npm.cestc.cn/monaco-editor/download/monaco-editor-0.45.0.tgz#6939123a6254aea9fea2d647697f846306dd4448"
  integrity sha1-aTkSOmJUrqn+otZHaX+EYwbdREg=

object-assign@^4.1.1:
  version "4.1.1"
  resolved "http://npm.cestc.cn/object-assign/download/object-assign-4.1.1.tgz#2109adc7965887cfc05cbbd442cac8bfbb360863"
  integrity sha1-IQmtx5ZYh8/AXLvUQsrIv7s2CGM=

prop-types@^15.8.1:
  version "15.8.1"
  resolved "http://npm.cestc.cn/prop-types/download/prop-types-15.8.1.tgz#67d87bf1a694f48435cf332c24af10214a3140b5"
  integrity sha1-Z9h78aaU9IQ1zzMsJK8QIUoxQLU=
  dependencies:
    loose-envify "^1.4.0"
    object-assign "^4.1.1"
    react-is "^16.13.1"

react-dom@^18.2.0:
  version "18.2.0"
  resolved "http://npm.cestc.cn/react-dom/download/react-dom-18.2.0.tgz#22aaf38708db2674ed9ada224ca4aa708d821e3d"
  integrity sha1-IqrzhwjbJnTtmtoiTKSqcI2CHj0=
  dependencies:
    loose-envify "^1.1.0"
    scheduler "^0.23.0"

react-is@^16.13.1:
  version "16.13.1"
  resolved "http://npm.cestc.cn/react-is/download/react-is-16.13.1.tgz#789729a4dc36de2999dc156dd6c1d9c18cea56a4"
  integrity sha1-eJcppNw23imZ3BVt1sHZwYzqVqQ=

react-konva@^18.2.10:
  version "18.2.10"
  resolved "http://npm.cestc.cn/react-konva/download/react-konva-18.2.10.tgz#5b5edc5e9ed452755d21babc353747828868decc"
  integrity sha1-W17cXp7UUnVdIbq8NTdHgoho3sw=
  dependencies:
    "@types/react-reconciler" "^0.28.2"
    its-fine "^1.1.1"
    react-reconciler "~0.29.0"
    scheduler "^0.23.0"

react-monaco-editor@^0.54.0:
  version "0.54.0"
  resolved "http://npm.cestc.cn/react-monaco-editor/download/react-monaco-editor-0.54.0.tgz#ec9293249a991b08264be723c1ec0ca3a6d480d8"
  integrity sha1-7JKTJJqZGwgmS+cjwewMo6bUgNg=
  dependencies:
    prop-types "^15.8.1"

react-reconciler@~0.29.0:
  version "0.29.0"
  resolved "http://npm.cestc.cn/react-reconciler/download/react-reconciler-0.29.0.tgz#ee769bd362915076753f3845822f2d1046603de7"
  integrity sha1-7nab02KRUHZ1PzhFgi8tEEZgPec=
  dependencies:
    loose-envify "^1.1.0"
    scheduler "^0.23.0"

react@^18.2.0:
  version "18.2.0"
  resolved "http://npm.cestc.cn/react/download/react-18.2.0.tgz#555bd98592883255fa00de14f1151a917b5d77d5"
  integrity sha1-VVvZhZKIMlX6AN4U8RUakXtdd9U=
  dependencies:
    loose-envify "^1.1.0"

scheduler@^0.23.0:
  version "0.23.0"
  resolved "http://npm.cestc.cn/scheduler/download/scheduler-0.23.0.tgz#ba8041afc3d30eb206a487b6b384002e4e61fdfe"
  integrity sha1-uoBBr8PTDrIGpIe2s4QALk5h/f4=
  dependencies:
    loose-envify "^1.1.0"

to-fast-properties@^2.0.0:
  version "2.0.0"
  resolved "http://npm.cestc.cn/to-fast-properties/download/to-fast-properties-2.0.0.tgz#dc5e698cbd079265bc73e0377681a4e4e83f616e"
  integrity sha1-3F5pjL0HkmW8c+A3doGk5Og/YW4=

tslib@^2.1.0:
  version "2.6.2"
  resolved "http://npm.cestc.cn/tslib/download/tslib-2.6.2.tgz#703ac29425e7b37cd6fd456e92404d46d1f3e4ae"
  integrity sha1-cDrClCXns3zW/UVukkBNRtHz5K4=
